// !$*UTF8*$!
{
	archiveVersion = 1;
	classes = {
	};
	objectVersion = 46;
	objects = {

/* Begin PBXBuildFile section */
		5767B9B51B818EA6005C3D28 /* ViewController.xib in Resources */ = {isa = PBXBuildFile; fileRef = 5767B9B41B818EA6005C3D28 /* ViewController.xib */; };
		57EF4EE61B7F28EB009F440C /* main.m in Sources */ = {isa = PBXBuildFile; fileRef = 57EF4EE51B7F28EB009F440C /* main.m */; };
		57EF4EE91B7F28EB009F440C /* AppDelegate.m in Sources */ = {isa = PBXBuildFile; fileRef = 57EF4EE81B7F28EB009F440C /* AppDelegate.m */; };
		57EF4EF11B7F28EB009F440C /* Images.xcassets in Resources */ = {isa = PBXBuildFile; fileRef = 57EF4EF01B7F28EB009F440C /* Images.xcassets */; };
		57EF4F001B7F28EC009F440C /* TestPageControlTests.m in Sources */ = {isa = PBXBuildFile; fileRef = 57EF4EFF1B7F28EC009F440C /* TestPageControlTests.m */; };
		57EF4F171B7F4176009F440C /* ViewController.m in Sources */ = {isa = PBXBuildFile; fileRef = 57EF4F151B7F4176009F440C /* ViewController.m */; };
/* End PBXBuildFile section */

/* Begin PBXContainerItemProxy section */
		57EF4EFA1B7F28EC009F440C /* PBXContainerItemProxy */ = {
			isa = PBXContainerItemProxy;
			containerPortal = 57EF4ED81B7F28EB009F440C /* Project object */;
			proxyType = 1;
			remoteGlobalIDString = 57EF4EDF1B7F28EB009F440C;
			remoteInfo = TestPageControl;
		};
/* End PBXContainerItemProxy section */

/* Begin PBXFileReference section */
		5767B9B41B818EA6005C3D28 /* ViewController.xib */ = {isa = PBXFileReference; fileEncoding = 4; lastKnownFileType = file.xib; name = ViewController.xib; path = ../ViewController.xib; sourceTree = "<group>"; };
		57EF4EE01B7F28EB009F440C /* TestPageControl.app */ = {isa = PBXFileReference; explicitFileType = wrapper.application; includeInIndex = 0; path = TestPageControl.app; sourceTree = BUILT_PRODUCTS_DIR; };
		57EF4EE41B7F28EB009F440C /* Info.plist */ = {isa = PBXFileReference; lastKnownFileType = text.plist.xml; path = Info.plist; sourceTree = "<group>"; };
		57EF4EE51B7F28EB009F440C /* main.m */ = {isa = PBXFileReference; lastKnownFileType = sourcecode.c.objc; path = main.m; sourceTree = "<group>"; };
		57EF4EE71B7F28EB009F440C /* AppDelegate.h */ = {isa = PBXFileReference; lastKnownFileType = sourcecode.c.h; path = AppDelegate.h; sourceTree = "<group>"; };
		57EF4EE81B7F28EB009F440C /* AppDelegate.m */ = {isa = PBXFileReference; lastKnownFileType = sourcecode.c.objc; path = AppDelegate.m; sourceTree = "<group>"; };
		57EF4EF01B7F28EB009F440C /* Images.xcassets */ = {isa = PBXFileReference; lastKnownFileType = folder.assetcatalog; path = Images.xcassets; sourceTree = "<group>"; };
		57EF4EF91B7F28EC009F440C /* TestPageControlTests.xctest */ = {isa = PBXFileReference; explicitFileType = wrapper.cfbundle; includeInIndex = 0; path = TestPageControlTests.xctest; sourceTree = BUILT_PRODUCTS_DIR; };
		57EF4EFE1B7F28EC009F440C /* Info.plist */ = {isa = PBXFileReference; lastKnownFileType = text.plist.xml; path = Info.plist; sourceTree = "<group>"; };
		57EF4EFF1B7F28EC009F440C /* TestPageControlTests.m */ = {isa = PBXFileReference; lastKnownFileType = sourcecode.c.objc; path = TestPageControlTests.m; sourceTree = "<group>"; };
		57EF4F141B7F4176009F440C /* ViewController.h */ = {isa = PBXFileReference; fileEncoding = 4; lastKnownFileType = sourcecode.c.h; name = ViewController.h; path = ../ViewController.h; sourceTree = "<group>"; };
		57EF4F151B7F4176009F440C /* ViewController.m */ = {isa = PBXFileReference; fileEncoding = 4; lastKnownFileType = sourcecode.c.objc; name = ViewController.m; path = ../ViewController.m; sourceTree = "<group>"; };
/* End PBXFileReference section */

/* Begin PBXFrameworksBuildPhase section */
		57EF4EDD1B7F28EB009F440C /* Frameworks */ = {
			isa = PBXFrameworksBuildPhase;
			buildActionMask = 2147483647;
			files = (
			);
			runOnlyForDeploymentPostprocessing = 0;
		};
		57EF4EF61B7F28EC009F440C /* Frameworks */ = {
			isa = PBXFrameworksBuildPhase;
			buildActionMask = 2147483647;
			files = (
			);
			runOnlyForDeploymentPostprocessing = 0;
		};
/* End PBXFrameworksBuildPhase section */

/* Begin PBXGroup section */
		57EF4ED71B7F28EB009F440C = {
			isa = PBXGroup;
			children = (
				57EF4EE21B7F28EB009F440C /* TestPageControl */,
				57EF4EFC1B7F28EC009F440C /* TestPageControlTests */,
				57EF4EE11B7F28EB009F440C /* Products */,
			);
			sourceTree = "<group>";
		};
		57EF4EE11B7F28EB009F440C /* Products */ = {
			isa = PBXGroup;
			children = (
				57EF4EE01B7F28EB009F440C /* TestPageControl.app */,
				57EF4EF91B7F28EC009F440C /* TestPageControlTests.xctest */,
			);
			name = Products;
			sourceTree = "<group>";
		};
		57EF4EE21B7F28EB009F440C /* TestPageControl */ = {
			isa = PBXGroup;
			children = (
				57EF4EE71B7F28EB009F440C /* AppDelegate.h */,
				57EF4EE81B7F28EB009F440C /* AppDelegate.m */,
				57EF4F141B7F4176009F440C /* ViewController.h */,
				57EF4F151B7F4176009F440C /* ViewController.m */,
				5767B9B41B818EA6005C3D28 /* ViewController.xib */,
				57EF4EF01B7F28EB009F440C /* Images.xcassets */,
				57EF4EE31B7F28EB009F440C /* Supporting Files */,
			);
			path = TestPageControl;
			sourceTree = "<group>";
		};
		57EF4EE31B7F28EB009F440C /* Supporting Files */ = {
			isa = PBXGroup;
			children = (
				57EF4EE41B7F28EB009F440C /* Info.plist */,
				57EF4EE51B7F28EB009F440C /* main.m */,
			);
			name = "Supporting Files";
			sourceTree = "<group>";
		};
		57EF4EFC1B7F28EC009F440C /* TestPageControlTests */ = {
			isa = PBXGroup;
			children = (
				57EF4EFF1B7F28EC009F440C /* TestPageControlTests.m */,
				57EF4EFD1B7F28EC009F440C /* Supporting Files */,
			);
			path = TestPageControlTests;
			sourceTree = "<group>";
		};
		57EF4EFD1B7F28EC009F440C /* Supporting Files */ = {
			isa = PBXGroup;
			children = (
				57EF4EFE1B7F28EC009F440C /* Info.plist */,
			);
			name = "Supporting Files";
			sourceTree = "<group>";
		};
/* End PBXGroup section */

/* Begin PBXNativeTarget section */
		57EF4EDF1B7F28EB009F440C /* TestPageControl */ = {
			isa = PBXNativeTarget;
			buildConfigurationList = 57EF4F031B7F28EC009F440C /* Build configuration list for PBXNativeTarget "TestPageControl" */;
			buildPhases = (
				57EF4EDC1B7F28EB009F440C /* Sources */,
				57EF4EDD1B7F28EB009F440C /* Frameworks */,
				57EF4EDE1B7F28EB009F440C /* Resources */,
			);
			buildRules = (
			);
			dependencies = (
			);
			name = TestPageControl;
			productName = TestPageControl;
			productReference = 57EF4EE01B7F28EB009F440C /* TestPageControl.app */;
			productType = "com.apple.product-type.application";
		};
		57EF4EF81B7F28EC009F440C /* TestPageControlTests */ = {
			isa = PBXNativeTarget;
			buildConfigurationList = 57EF4F061B7F28EC009F440C /* Build configuration list for PBXNativeTarget "TestPageControlTests" */;
			buildPhases = (
				57EF4EF51B7F28EC009F440C /* Sources */,
				57EF4EF61B7F28EC009F440C /* Frameworks */,
				57EF4EF71B7F28EC009F440C /* Resources */,
			);
			buildRules = (
			);
			dependencies = (
				57EF4EFB1B7F28EC009F440C /* PBXTargetDependency */,
			);
			name = TestPageControlTests;
			productName = TestPageControlTests;
			productReference = 57EF4EF91B7F28EC009F440C /* TestPageControlTests.xctest */;
			productType = "com.apple.product-type.bundle.unit-test";
		};
/* End PBXNativeTarget section */

/* Begin PBXProject section */
		57EF4ED81B7F28EB009F440C /* Project object */ = {
			isa = PBXProject;
			attributes = {
				LastUpgradeCheck = 0640;
				ORGANIZATIONNAME = "xby-mac";
				TargetAttributes = {
					57EF4EDF1B7F28EB009F440C = {
						CreatedOnToolsVersion = 6.4;
					};
					57EF4EF81B7F28EC009F440C = {
						CreatedOnToolsVersion = 6.4;
						TestTargetID = 57EF4EDF1B7F28EB009F440C;
					};
				};
			};
			buildConfigurationList = 57EF4EDB1B7F28EB009F440C /* Build configuration list for PBXProject "TestPageControl" */;
			compatibilityVersion = "Xcode 3.2";
			developmentRegion = English;
			hasScannedForEncodings = 0;
			knownRegions = (
				en,
				Base,
			);
			mainGroup = 57EF4ED71B7F28EB009F440C;
			productRefGroup = 57EF4EE11B7F28EB009F440C /* Products */;
			projectDirPath = "";
			projectRoot = "";
			targets = (
				57EF4EDF1B7F28EB009F440C /* TestPageControl */,
				57EF4EF81B7F28EC009F440C /* TestPageControlTests */,
			);
		};
/* End PBXProject section */

/* Begin PBXResourcesBuildPhase section */
		57EF4EDE1B7F28EB009F440C /* Resources */ = {
			isa = PBXResourcesBuildPhase;
			buildActionMask = 2147483647;
			files = (
				5767B9B51B818EA6005C3D28 /* ViewController.xib in Resources */,
				57EF4EF11B7F28EB009F440C /* Images.xcassets in Resources */,
			);
			runOnlyForDeploymentPostprocessing = 0;
		};
		57EF4EF71B7F28EC009F440C /* Resources */ = {
			isa = PBXResourcesBuildPhase;
			buildActionMask = 2147483647;
			files = (
			);
			runOnlyForDeploymentPostprocessing = 0;
		};
/* End PBXResourcesBuildPhase section */

/* Begin PBXSourcesBuildPhase section */
		57EF4EDC1B7F28EB009F440C /* Sources */ = {
			isa = PBXSourcesBuildPhase;
			buildActionMask = 2147483647;
			files = (
				57EF4F171B7F4176009F440C /* ViewController.m in Sources */,
				57EF4EE91B7F28EB009F440C /* AppDelegate.m in Sources */,
				57EF4EE61B7F28EB009F440C /* main.m in Sources */,
			);
			runOnlyForDeploymentPostprocessing = 0;
		};
		57EF4EF51B7F28EC009F440C /* Sources */ = {
			isa = PBXSourcesBuildPhase;
			buildActionMask = 2147483647;
			files = (
				57EF4F001B7F28EC009F440C /* TestPageControlTests.m in Sources */,
			);
			runOnlyForDeploymentPostprocessing = 0;
		};
/* End PBXSourcesBuildPhase section */

/* Begin PBXTargetDependency section */
		57EF4EFB1B7F28EC009F440C /* PBXTargetDependency */ = {
			isa = PBXTargetDependency;
			target = 57EF4EDF1B7F28EB009F440C /* TestPageControl */;
			targetProxy = 57EF4EFA1B7F28EC009F440C /* PBXContainerItemProxy */;
		};
/* End PBXTargetDependency section */

/* Begin XCBuildConfiguration section */
		57EF4F011B7F28EC009F440C /* Debug */ = {
			isa = XCBuildConfiguration;
			buildSettings = {
				ALWAYS_SEARCH_USER_PATHS = NO;
				CLANG_CXX_LANGUAGE_STANDARD = "gnu++0x";
				CLANG_CXX_LIBRARY = "libc++";
				CLANG_ENABLE_MODULES = YES;
				CLANG_ENABLE_OBJC_ARC = YES;
				CLANG_WARN_BOOL_CONVERSION = YES;
				CLANG_WARN_CONSTANT_CONVERSION = YES;
				CLANG_WARN_DIRECT_OBJC_ISA_USAGE = YES_ERROR;
				CLANG_WARN_EMPTY_BODY = YES;
				CLANG_WARN_ENUM_CONVERSION = YES;
				CLANG_WARN_INT_CONVERSION = YES;
				CLANG_WARN_OBJC_ROOT_CLASS = YES_ERROR;
				CLANG_WARN_UNREACHABLE_CODE = YES;
				CLANG_WARN__DUPLICATE_METHOD_MATCH = YES;
				"CODE_SIGN_IDENTITY[sdk=iphoneos*]" = "iPhone Developer";
				COPY_PHASE_STRIP = NO;
				DEBUG_INFORMATION_FORMAT = "dwarf-with-dsym";
				ENABLE_STRICT_OBJC_MSGSEND = YES;
				GCC_C_LANGUAGE_STANDARD = gnu99;
				GCC_DYNAMIC_NO_PIC = NO;
				GCC_NO_COMMON_BLOCKS = YES;
				GCC_OPTIMIZATION_LEVEL = 0;
				GCC_PREPROCESSOR_DEFINITIONS = (
					"DEBUG=1",
					"$(inherited)",
				);
				GCC_SYMBOLS_PRIVATE_EXTERN = NO;
				GCC_WARN_64_TO_32_BIT_CONVERSION = YES;
				GCC_WARN_ABOUT_RETURN_TYPE = YES_ERROR;
				GCC_WARN_UNDECLARED_SELECTOR = YES;
				GCC_WARN_UNINITIALIZED_AUTOS = YES_AGGRESSIVE;
				GCC_WARN_UNUSED_FUNCTION = YES;
				GCC_WARN_UNUSED_VARIABLE = YES;
				IPHONEOS_DEPLOYMENT_TARGET = 8.4;
				MTL_ENABLE_DEBUG_INFO = YES;
				ONLY_ACTIVE_ARCH = YES;
				SDKROOT = iphoneos;
			};
			name = Debug;
		};
		57EF4F021B7F28EC009F440C /* Release */ = {
			isa = XCBuildConfiguration;
			buildSettings = {
				ALWAYS_SEARCH_USER_PATHS = NO;
				CLANG_CXX_LANGUAGE_STANDARD = "gnu++0x";
				CLANG_CXX_LIBRARY = "libc++";
				CLANG_ENABLE_MODULES = YES;
				CLANG_ENABLE_OBJC_ARC = YES;
				CLANG_WARN_BOOL_CONVERSION = YES;
				CLANG_WARN_CONSTANT_CONVERSION = YES;
				CLANG_WARN_DIRECT_OBJC_ISA_USAGE = YES_ERROR;
				CLANG_WARN_EMPTY_BODY = YES;
				CLANG_WARN_ENUM_CONVERSION = YES;
				CLANG_WARN_INT_CONVERSION = YES;
				CLANG_WARN_OBJC_ROOT_CLASS = YES_ERROR;
				CLANG_WARN_UNREACHABLE_CODE = YES;
				CLANG_WARN__DUPLICATE_METHOD_MATCH = YES;
				"CODE_SIGN_IDENTITY[sdk=iphoneos*]" = "iPhone Developer";
				COPY_PHASE_STRIP = NO;
				DEBUG_INFORMATION_FORMAT = "dwarf-with-dsym";
				ENABLE_NS_ASSERTIONS = NO;
				ENABLE_STRICT_OBJC_MSGSEND = YES;
				GCC_C_LANGUAGE_STANDARD = gnu99;
				GCC_NO_COMMON_BLOCKS = YES;
				GCC_WARN_64_TO_32_BIT_CONVERSION = YES;
				GCC_WARN_ABOUT_RETURN_TYPE = YES_ERROR;
				GCC_WARN_UNDECLARED_SELECTOR = YES;
				GCC_WARN_UNINITIALIZED_AUTOS = YES_AGGRESSIVE;
				GCC_WARN_UNUSED_FUNCTION = YES;
				GCC_WARN_UNUSED_VARIABLE = YES;
				IPHONEOS_DEPLOYMENT_TARGET = 8.4;
				MTL_ENABLE_DEBUG_INFO = NO;
				SDKROOT = iphoneos;
				VALIDATE_PRODUCT = YES;
			};
			name = Release;
		};
		57EF4F041B7F28EC009F440C /* Debug */ = {
			isa = XCBuildConfiguration;
			buildSettings = {
				ASSETCATALOG_COMPILER_APPICON_NAME = AppIcon;
				INFOPLIST_FILE = TestPageControl/Info.plist;
				LD_RUNPATH_SEARCH_PATHS = "$(inherited) @executable_path/Frameworks";
				PRODUCT_NAME = "$(TARGET_NAME)";
			};
			name = Debug;
		};
		57EF4F051B7F28EC009F440C /* Release */ = {
			isa = XCBuildConfiguration;
			buildSettings = {
				ASSETCATALOG_COMPILER_APPICON_NAME = AppIcon;
				INFOPLIST_FILE = TestPageControl/Info.plist;
				LD_RUNPATH_SEARCH_PATHS = "$(inherited) @executable_path/Frameworks";
				PRODUCT_NAME = "$(TARGET_NAME)";
			};
			name = Release;
		};
		57EF4F071B7F28EC009F440C /* Debug */ = {
			isa = XCBuildConfiguration;
			buildSettings = {
				BUNDLE_LOADER = "$(TEST_HOST)";
				FRAMEWORK_SEARCH_PATHS = (
					"$(SDKROOT)/Developer/Library/Frameworks",
					"$(inherited)",
				);
				GCC_PREPROCESSOR_DEFINITIONS = (
					"DEBUG=1",
					"$(inherited)",
				);
				INFOPLIST_FILE = TestPageControlTests/Info.plist;
				LD_RUNPATH_SEARCH_PATHS = "$(inherited) @executable_path/Frameworks @loader_path/Frameworks";
				PRODUCT_NAME = "$(TARGET_NAME)";
				TEST_HOST = "$(BUILT_PRODUCTS_DIR)/TestPageControl.app/TestPageControl";
			};
			name = Debug;
		};
		57EF4F081B7F28EC009F440C /* Release */ = {
			isa = XCBuildConfiguration;
			buildSettings = {
				BUNDLE_LOADER = "$(TEST_HOST)";
				FRAMEWORK_SEARCH_PATHS = (
					"$(SDKROOT)/Developer/Library/Frameworks",
					"$(inherited)",
				);
				INFOPLIST_FILE = TestPageControlTests/Info.plist;
				LD_RUNPATH_SEARCH_PATHS = "$(inherited) @executable_path/Frameworks @loader_path/Frameworks";
				PRODUCT_NAME = "$(TARGET_NAME)";
				TEST_HOST = "$(BUILT_PRODUCTS_DIR)/TestPageControl.app/TestPageControl";
			};
			name = Release;
		};
/* End XCBuildConfiguration section */

/* Begin XCConfigurationList section */
		57EF4EDB1B7F28EB009F440C /* Build configuration list for PBXProject "TestPageControl" */ = {
			isa = XCConfigurationList;
			buildConfigurations = (
				57EF4F011B7F28EC009F440C /* Debug */,
				57EF4F021B7F28EC009F440C /* Release */,
			);
			defaultConfigurationIsVisible = 0;
			defaultConfigurationName = Release;
		};
		57EF4F031B7F28EC009F440C /* Build configuration list for PBXNativeTarget "TestPageControl" */ = {
			isa = XCConfigurationList;
			buildConfigurations = (
				57EF4F041B7F28EC009F440C /* Debug */,
				57EF4F051B7F28EC009F440C /* Release */,
			);
			defaultConfigurationIsVisible = 0;
			defaultConfigurationName = Release;
		};
		57EF4F061B7F28EC009F440C /* Build configuration list for PBXNativeTarget "TestPageControlTests" */ = {
			isa = XCConfigurationList;
			buildConfigurations = (
				57EF4F071B7F28EC009F440C /* Debug */,
				57EF4F081B7F28EC009F440C /* Release */,
			);
			defaultConfigurationIsVisible = 0;
			defaultConfigurationName = Release;
		};
/* End XCConfigurationList section */
	};
	rootObject = 57EF4ED81B7F28EB009F440C /* Project object */;
}
